
Microsoft Visual Studio Solution File, Format Version 12.00
# Visual Studio Version 17
VisualStudioVersion = 17.14.36915.13 d17.14
MinimumVisualStudioVersion = 10.0.40219.1
Project("{FAE04EC0-301F-11D3-BF4B-00C04F79EFBC}") = "PROJECT TEST", "PROJECT TEST.csproj", "{93E10715-159D-4D6F-A6BB-AC05775CEF45}"
EndProject
Global
	GlobalSection(SolutionConfigurationPlatforms) = preSolution
		Debug|Any CPU = Debug|Any CPU
		Release|Any CPU = Release|Any CPU
	EndGlobalSection
	GlobalSection(ProjectConfigurationPlatforms) = postSolution
		{93E10715-159D-4D6F-A6BB-AC05775CEF45}.Debug|Any CPU.ActiveCfg = Debug|Any CPU
		{93E10715-159D-4D6F-A6BB-AC05775CEF45}.Debug|Any CPU.Build.0 = Debug|Any CPU
		{93E10715-159D-4D6F-A6BB-AC05775CEF45}.Release|Any CPU.ActiveCfg = Release|Any CPU
		{93E10715-159D-4D6F-A6BB-AC05775CEF45}.Release|Any CPU.Build.0 = Release|Any CPU
	EndGlobalSection
	GlobalSection(SolutionProperties) = preSolution
		HideSolutionNode = FALSE
	EndGlobalSection
	GlobalSection(ExtensibilityGlobals) = postSolution
		SolutionGuid = {29516464-0F80-4ABE-A7D0-294FFBC66569}
	EndGlobalSection
EndGlobal
